hash: 5196be244e2fcf5cc4140c0c5556a078c93d7b8f17d37874dd226a2e47104e62
updated: 2018-10-03T13:43:59.72253+10:00
imports:
- name: github.com/fsnotify/fsnotify
  version: c2828203cd70a50dcccfb2761f8b1f8ceef9a8e9
- name: github.com/gorilla/handlers
  version: 7e0847f9db758cdebd26c149d0ae9d5d0b9c98ce
- name: github.com/hashicorp/hcl
  version: 23c074d0eceb2b8a5bfdbb271ab780cde70f05a8
  subpackages:
  - hcl/ast
  - hcl/parser
  - hcl/printer
  - hcl/scanner
  - hcl/strconv
  - hcl/token
  - json/parser
  - json/scanner
  - json/token
- name: github.com/inconshreveable/mousetrap
  version: 76626ae9c91c4f2a10f34cad8ce83ea42c93bb75
- name: github.com/koshatul/jwt
  version: 484b549485be554430902473d23af0a31f5eed57
  subpackages:
  - src/jwt
- name: github.com/magiconair/properties
  version: 2c9e9502788518c97fe44e8955cd069417ee89df
- name: github.com/manifoldco/promptui
  version: 157c96fb638a14d268b305cf2012582431fcc410
- name: github.com/mitchellh/mapstructure
  version: 00c29f56e2386353d58c599509e8dc3801b0d716
- name: github.com/pascaldekloe/jwt
  version: 35d940f677411863070d4f495fc21fe29c9b6289
- name: github.com/patrickmn/go-cache
  version: a3647f8e31d79543b2d0f0ae2fe5c379d72cedc0
- name: github.com/pelletier/go-toml
  version: acdc4509485b587f5e675510c4f2c63e90ff68a8
- name: github.com/satori/go.uuid
  version: f58768cc1a7a7e77a3bd49e98cdd21419399b6a3
- name: github.com/spf13/afero
  version: d40851caa0d747393da1ffb28f7f9d8b4eeffebd
  subpackages:
  - mem
- name: github.com/spf13/cast
  version: 8965335b8c7107321228e3e3702cab9832751bac
- name: github.com/spf13/cobra
  version: ef82de70bb3f60c65fb8eebacbb2d122ef517385
- name: github.com/spf13/jwalterweatherman
  version: 7c0cea34c8ece3fbeb2b27ab9b59511d360fb394
- name: github.com/spf13/pflag
  version: 9a97c102cda95a86cec2345a6f09f55a939babf5
- name: github.com/spf13/viper
  version: 2c12c60302a5a0e62ee102ca9bc996277c2f64f5
- name: go.uber.org/atomic
  version: 1ea20fb1cbb1cc08cbd0d913a96dead89aa18289
- name: go.uber.org/multierr
  version: 3c4937480c32f4c13a875a1829af76c98ca3d40a
- name: go.uber.org/zap
  version: ff33455a0e382e8a81d14dd7c922020b6b5e7982
  subpackages:
  - buffer
  - internal/bufferpool
  - internal/color
  - internal/exit
  - zapcore
- name: golang.org/x/crypto
  version: 8c653846df49742c4c85ec37e5d9f8d3ba657895
  subpackages:
  - bcrypt
  - blowfish
- name: golang.org/x/sys
  version: f6cff0780e542efa0c8e864dc8fa522808f6a598
  subpackages:
  - unix
- name: golang.org/x/text
  version: 27420a1a391f5504f73155051cd274311bf70883
  subpackages:
  - transform
  - unicode/norm
- name: gopkg.in/yaml.v2
  version: 7f97868eec74b32b0982dd158a51a446d1da7eb5
testImports: []
